
Microsoft Visual Studio Solution File, Format Version 12.00
# Visual Studio Version 16
VisualStudioVersion = 16.0.32106.194
MinimumVisualStudioVersion = 10.0.40219.1
Project("{FAE04EC0-301F-11D3-BF4B-00C04F79EFBC}") = "ContainerMenu", "ContainerMenu\ContainerMenu.csproj", "{4DF6568F-9AC5-45A1-8D7C-0862BF0AE6A4}"
EndProject
Global
	GlobalSection(SolutionConfigurationPlatforms) = preSolution
		Debug|Any CPU = Debug|Any CPU
		Release|Any CPU = Release|Any CPU
	EndGlobalSection
	GlobalSection(ProjectConfigurationPlatforms) = postSolution
		{4DF6568F-9AC5-45A1-8D7C-0862BF0AE6A4}.Debug|Any CPU.ActiveCfg = Debug|Any CPU
		{4DF6568F-9AC5-45A1-8D7C-0862BF0AE6A4}.Debug|Any CPU.Build.0 = Debug|Any CPU
		{4DF6568F-9AC5-45A1-8D7C-0862BF0AE6A4}.Release|Any CPU.ActiveCfg = Release|Any CPU
		{4DF6568F-9AC5-45A1-8D7C-0862BF0AE6A4}.Release|Any CPU.Build.0 = Release|Any CPU
	EndGlobalSection
	GlobalSection(SolutionProperties) = preSolution
		HideSolutionNode = FALSE
	EndGlobalSection
	GlobalSection(ExtensibilityGlobals) = postSolution
		SolutionGuid = {EC7C93CA-08B0-4123-AD34-E52128A196B9}
	EndGlobalSection
EndGlobal
